
Microsoft Visual Studio Solution File, Format Version 12.00
# Visual Studio 2012
Project("{FAE04EC0-301F-11D3-BF4B-00C04F79EFBC}") = "Inventario", "Inventario\Inventario.csproj", "{9876C401-2360-4ED9-91B8-4D7F594161BD}"
EndProject
Global
	GlobalSection(SolutionConfigurationPlatforms) = preSolution
		Debug|Any CPU = Debug|Any CPU
		Release|Any CPU = Release|Any CPU
	EndGlobalSection
	GlobalSection(ProjectConfigurationPlatforms) = postSolution
		{9876C401-2360-4ED9-91B8-4D7F594161BD}.Debug|Any CPU.ActiveCfg = Debug|Any CPU
		{9876C401-2360-4ED9-91B8-4D7F594161BD}.Debug|Any CPU.Build.0 = Debug|Any CPU
		{9876C401-2360-4ED9-91B8-4D7F594161BD}.Release|Any CPU.ActiveCfg = Release|Any CPU
		{9876C401-2360-4ED9-91B8-4D7F594161BD}.Release|Any CPU.Build.0 = Release|Any CPU
	EndGlobalSection
	GlobalSection(SolutionProperties) = preSolution
		HideSolutionNode = FALSE
	EndGlobalSection
EndGlobal
